
Microsoft Visual Studio Solution File, Format Version 12.00
# Visual Studio Version 16
VisualStudioVersion = 16.0.30621.155
MinimumVisualStudioVersion = 10.0.40219.1
Project("{FAE04EC0-301F-11D3-BF4B-00C04F79EFBC}") = "Task2_HW3", "Task2_HW3\Task2_HW3.csproj", "{B0FE562A-C207-4559-94B7-1BAA1DF51934}"
EndProject
Global
	GlobalSection(SolutionConfigurationPlatforms) = preSolution
		Debug|Any CPU = Debug|Any CPU
		Release|Any CPU = Release|Any CPU
	EndGlobalSection
	GlobalSection(ProjectConfigurationPlatforms) = postSolution
		{B0FE562A-C207-4559-94B7-1BAA1DF51934}.Debug|Any CPU.ActiveCfg = Debug|Any CPU
		{B0FE562A-C207-4559-94B7-1BAA1DF51934}.Debug|Any CPU.Build.0 = Debug|Any CPU
		{B0FE562A-C207-4559-94B7-1BAA1DF51934}.Release|Any CPU.ActiveCfg = Release|Any CPU
		{B0FE562A-C207-4559-94B7-1BAA1DF51934}.Release|Any CPU.Build.0 = Release|Any CPU
	EndGlobalSection
	GlobalSection(SolutionProperties) = preSolution
		HideSolutionNode = FALSE
	EndGlobalSection
	GlobalSection(ExtensibilityGlobals) = postSolution
		SolutionGuid = {314131DA-42A0-4633-9E1C-B3BA2B0BCBA0}
	EndGlobalSection
EndGlobal
